<Solution>
  <Project Path="Tasker.Api/Tasker.Api.csproj" />
  <Project Path="Tasker.Application/Tasker.Application.csproj" />
  <Project Path="Tasker.DataAccess/Tasker.DataAccess.csproj" />
  <Project Path="Tasker.Domain/Tasker.Domain.csproj" />
  <Project Path="Tasker.Helper/Tasker.Helper.csproj" />
</Solution>
